
Microsoft Visual Studio Solution File, Format Version 12.00
# Visual Studio Version 16
VisualStudioVersion = 16.0.29306.81
MinimumVisualStudioVersion = 10.0.40219.1
Project("{FAE04EC0-301F-11D3-BF4B-00C04F79EFBC}") = "Ber_Rechtecksfläche", "Ber_Rechtecksfläche\Ber_Rechtecksfläche.csproj", "{5B8AD7F4-816D-4A2E-ACA0-2CFC36DDA715}"
EndProject
Global
	GlobalSection(SolutionConfigurationPlatforms) = preSolution
		Debug|Any CPU = Debug|Any CPU
		Release|Any CPU = Release|Any CPU
	EndGlobalSection
	GlobalSection(ProjectConfigurationPlatforms) = postSolution
		{5B8AD7F4-816D-4A2E-ACA0-2CFC36DDA715}.Debug|Any CPU.ActiveCfg = Debug|Any CPU
		{5B8AD7F4-816D-4A2E-ACA0-2CFC36DDA715}.Debug|Any CPU.Build.0 = Debug|Any CPU
		{5B8AD7F4-816D-4A2E-ACA0-2CFC36DDA715}.Release|Any CPU.ActiveCfg = Release|Any CPU
		{5B8AD7F4-816D-4A2E-ACA0-2CFC36DDA715}.Release|Any CPU.Build.0 = Release|Any CPU
	EndGlobalSection
	GlobalSection(SolutionProperties) = preSolution
		HideSolutionNode = FALSE
	EndGlobalSection
	GlobalSection(ExtensibilityGlobals) = postSolution
		SolutionGuid = {531431B8-0707-4EBF-8A80-2B92D2C57E3B}
	EndGlobalSection
EndGlobal
