
Microsoft Visual Studio Solution File, Format Version 12.00
# Visual Studio Version 16
VisualStudioVersion = 16.0.29306.81
MinimumVisualStudioVersion = 10.0.40219.1
Project("{FAE04EC0-301F-11D3-BF4B-00C04F79EFBC}") = "Volljährigskeitkontrolle", "Volljährigskeitkontrolle\Volljährigskeitkontrolle.csproj", "{2FDBB985-D964-4B29-BED3-CB52590D6AF3}"
EndProject
Global
	GlobalSection(SolutionConfigurationPlatforms) = preSolution
		Debug|Any CPU = Debug|Any CPU
		Release|Any CPU = Release|Any CPU
	EndGlobalSection
	GlobalSection(ProjectConfigurationPlatforms) = postSolution
		{2FDBB985-D964-4B29-BED3-CB52590D6AF3}.Debug|Any CPU.ActiveCfg = Debug|Any CPU
		{2FDBB985-D964-4B29-BED3-CB52590D6AF3}.Debug|Any CPU.Build.0 = Debug|Any CPU
		{2FDBB985-D964-4B29-BED3-CB52590D6AF3}.Release|Any CPU.ActiveCfg = Release|Any CPU
		{2FDBB985-D964-4B29-BED3-CB52590D6AF3}.Release|Any CPU.Build.0 = Release|Any CPU
	EndGlobalSection
	GlobalSection(SolutionProperties) = preSolution
		HideSolutionNode = FALSE
	EndGlobalSection
	GlobalSection(ExtensibilityGlobals) = postSolution
		SolutionGuid = {AC71A1C4-DF2A-4F54-9910-8570D18E5EA4}
	EndGlobalSection
EndGlobal
