
Microsoft Visual Studio Solution File, Format Version 12.00
# Visual Studio Version 16
VisualStudioVersion = 16.0.29306.81
MinimumVisualStudioVersion = 10.0.40219.1
Project("{FAE04EC0-301F-11D3-BF4B-00C04F79EFBC}") = "Ber_Dreiecksfläche", "Ber_Dreiecksfläche\Ber_Dreiecksfläche.csproj", "{B7386F24-7024-4DA9-9C8A-9214F71E9E70}"
EndProject
Global
	GlobalSection(SolutionConfigurationPlatforms) = preSolution
		Debug|Any CPU = Debug|Any CPU
		Release|Any CPU = Release|Any CPU
	EndGlobalSection
	GlobalSection(ProjectConfigurationPlatforms) = postSolution
		{B7386F24-7024-4DA9-9C8A-9214F71E9E70}.Debug|Any CPU.ActiveCfg = Debug|Any CPU
		{B7386F24-7024-4DA9-9C8A-9214F71E9E70}.Debug|Any CPU.Build.0 = Debug|Any CPU
		{B7386F24-7024-4DA9-9C8A-9214F71E9E70}.Release|Any CPU.ActiveCfg = Release|Any CPU
		{B7386F24-7024-4DA9-9C8A-9214F71E9E70}.Release|Any CPU.Build.0 = Release|Any CPU
	EndGlobalSection
	GlobalSection(SolutionProperties) = preSolution
		HideSolutionNode = FALSE
	EndGlobalSection
	GlobalSection(ExtensibilityGlobals) = postSolution
		SolutionGuid = {B898390C-3C69-41D7-9D6F-CD2BC667C7CC}
	EndGlobalSection
EndGlobal
