
Microsoft Visual Studio Solution File, Format Version 12.00
# Visual Studio Version 16
VisualStudioVersion = 16.0.29306.81
MinimumVisualStudioVersion = 10.0.40219.1
Project("{FAE04EC0-301F-11D3-BF4B-00C04F79EFBC}") = "Schulnoten", "Schulnoten\Schulnoten.csproj", "{435992CF-38E1-418E-A4F1-56BE6377FC9F}"
EndProject
Global
	GlobalSection(SolutionConfigurationPlatforms) = preSolution
		Debug|Any CPU = Debug|Any CPU
		Release|Any CPU = Release|Any CPU
	EndGlobalSection
	GlobalSection(ProjectConfigurationPlatforms) = postSolution
		{435992CF-38E1-418E-A4F1-56BE6377FC9F}.Debug|Any CPU.ActiveCfg = Debug|Any CPU
		{435992CF-38E1-418E-A4F1-56BE6377FC9F}.Debug|Any CPU.Build.0 = Debug|Any CPU
		{435992CF-38E1-418E-A4F1-56BE6377FC9F}.Release|Any CPU.ActiveCfg = Release|Any CPU
		{435992CF-38E1-418E-A4F1-56BE6377FC9F}.Release|Any CPU.Build.0 = Release|Any CPU
	EndGlobalSection
	GlobalSection(SolutionProperties) = preSolution
		HideSolutionNode = FALSE
	EndGlobalSection
	GlobalSection(ExtensibilityGlobals) = postSolution
		SolutionGuid = {D2E71AE4-347E-438F-9A19-BB04ADE08398}
	EndGlobalSection
EndGlobal
