
Microsoft Visual Studio Solution File, Format Version 12.00
# Visual Studio Version 16
VisualStudioVersion = 16.0.29306.81
MinimumVisualStudioVersion = 10.0.40219.1
Project("{FAE04EC0-301F-11D3-BF4B-00C04F79EFBC}") = "Tasks for-while", "Tasks for-while\Tasks for-while.csproj", "{6B7836D4-3AC1-4B18-8284-22143387C1B3}"
EndProject
Global
	GlobalSection(SolutionConfigurationPlatforms) = preSolution
		Debug|Any CPU = Debug|Any CPU
		Release|Any CPU = Release|Any CPU
	EndGlobalSection
	GlobalSection(ProjectConfigurationPlatforms) = postSolution
		{6B7836D4-3AC1-4B18-8284-22143387C1B3}.Debug|Any CPU.ActiveCfg = Debug|Any CPU
		{6B7836D4-3AC1-4B18-8284-22143387C1B3}.Debug|Any CPU.Build.0 = Debug|Any CPU
		{6B7836D4-3AC1-4B18-8284-22143387C1B3}.Release|Any CPU.ActiveCfg = Release|Any CPU
		{6B7836D4-3AC1-4B18-8284-22143387C1B3}.Release|Any CPU.Build.0 = Release|Any CPU
	EndGlobalSection
	GlobalSection(SolutionProperties) = preSolution
		HideSolutionNode = FALSE
	EndGlobalSection
	GlobalSection(ExtensibilityGlobals) = postSolution
		SolutionGuid = {1ADAEA17-5B29-42BF-92D4-5937978EEF34}
	EndGlobalSection
EndGlobal
