
Microsoft Visual Studio Solution File, Format Version 12.00
# Visual Studio Version 16
VisualStudioVersion = 16.0.29306.81
MinimumVisualStudioVersion = 10.0.40219.1
Project("{FAE04EC0-301F-11D3-BF4B-00C04F79EFBC}") = "Nullstellen_parabel", "Nullstellen_parabel\Nullstellen_parabel.csproj", "{127AB5ED-A219-4DE2-87C9-D001800D4956}"
EndProject
Global
	GlobalSection(SolutionConfigurationPlatforms) = preSolution
		Debug|Any CPU = Debug|Any CPU
		Release|Any CPU = Release|Any CPU
	EndGlobalSection
	GlobalSection(ProjectConfigurationPlatforms) = postSolution
		{127AB5ED-A219-4DE2-87C9-D001800D4956}.Debug|Any CPU.ActiveCfg = Debug|Any CPU
		{127AB5ED-A219-4DE2-87C9-D001800D4956}.Debug|Any CPU.Build.0 = Debug|Any CPU
		{127AB5ED-A219-4DE2-87C9-D001800D4956}.Release|Any CPU.ActiveCfg = Release|Any CPU
		{127AB5ED-A219-4DE2-87C9-D001800D4956}.Release|Any CPU.Build.0 = Release|Any CPU
	EndGlobalSection
	GlobalSection(SolutionProperties) = preSolution
		HideSolutionNode = FALSE
	EndGlobalSection
	GlobalSection(ExtensibilityGlobals) = postSolution
		SolutionGuid = {FDC43434-FC6A-4EB6-AE0A-7F9004352215}
	EndGlobalSection
EndGlobal
